
Microsoft Visual Studio Solution File, Format Version 12.00
# Visual Studio Version 17
VisualStudioVersion = 17.5.002.0
MinimumVisualStudioVersion = 10.0.40219.1
Project("{9A19103F-16F7-4668-BE54-9A1E7A4F7556}") = "learn", "learn\learn.csproj", "{CA9FE9CA-B2F8-4D5B-984E-129D73F6DCE2}"
EndProject
Project("{9A19103F-16F7-4668-BE54-9A1E7A4F7556}") = "code", "code\code.csproj", "{AE311400-FB6A-408F-90AB-8141F6C86247}"
EndProject
Project("{9A19103F-16F7-4668-BE54-9A1E7A4F7556}") = "teach", "teach\teach.csproj", "{AA6EF365-99FD-4130-9BA5-1EE4708C0A9A}"
EndProject
Global
	GlobalSection(SolutionConfigurationPlatforms) = preSolution
		Debug|Any CPU = Debug|Any CPU
		Release|Any CPU = Release|Any CPU
	EndGlobalSection
	GlobalSection(ProjectConfigurationPlatforms) = postSolution
		{CA9FE9CA-B2F8-4D5B-984E-129D73F6DCE2}.Debug|Any CPU.ActiveCfg = Debug|Any CPU
		{CA9FE9CA-B2F8-4D5B-984E-129D73F6DCE2}.Debug|Any CPU.Build.0 = Debug|Any CPU
		{CA9FE9CA-B2F8-4D5B-984E-129D73F6DCE2}.Release|Any CPU.ActiveCfg = Release|Any CPU
		{CA9FE9CA-B2F8-4D5B-984E-129D73F6DCE2}.Release|Any CPU.Build.0 = Release|Any CPU
		{AE311400-FB6A-408F-90AB-8141F6C86247}.Debug|Any CPU.ActiveCfg = Debug|Any CPU
		{AE311400-FB6A-408F-90AB-8141F6C86247}.Debug|Any CPU.Build.0 = Debug|Any CPU
		{AE311400-FB6A-408F-90AB-8141F6C86247}.Release|Any CPU.ActiveCfg = Release|Any CPU
		{AE311400-FB6A-408F-90AB-8141F6C86247}.Release|Any CPU.Build.0 = Release|Any CPU
		{AA6EF365-99FD-4130-9BA5-1EE4708C0A9A}.Debug|Any CPU.ActiveCfg = Debug|Any CPU
		{AA6EF365-99FD-4130-9BA5-1EE4708C0A9A}.Debug|Any CPU.Build.0 = Debug|Any CPU
		{AA6EF365-99FD-4130-9BA5-1EE4708C0A9A}.Release|Any CPU.ActiveCfg = Release|Any CPU
		{AA6EF365-99FD-4130-9BA5-1EE4708C0A9A}.Release|Any CPU.Build.0 = Release|Any CPU
	EndGlobalSection
	GlobalSection(SolutionProperties) = preSolution
		HideSolutionNode = FALSE
	EndGlobalSection
	GlobalSection(ExtensibilityGlobals) = postSolution
		SolutionGuid = {5D8E7A77-1454-40FD-806E-C1B3623D9EA4}
	EndGlobalSection
EndGlobal
