
Microsoft Visual Studio Solution File, Format Version 12.00
# Visual Studio Version 17
VisualStudioVersion = 17.5.002.0
MinimumVisualStudioVersion = 10.0.40219.1
Project("{2150E333-8FDC-42A3-9474-1A3956D46DE8}") = "week01", "week01", "{AC0B8D98-B42E-4A2C-8EEB-F5F3EC782D16}"
EndProject
Project("{9A19103F-16F7-4668-BE54-9A1E7A4F7556}") = "code", "week01\code\code.csproj", "{3A863B23-C768-4D55-BD72-8711FCFC8A66}"
EndProject
Project("{9A19103F-16F7-4668-BE54-9A1E7A4F7556}") = "analyze", "week01\analyze\analyze.csproj", "{21E005D9-7708-4F04-8A4A-629B622FFEFF}"
EndProject
Project("{9A19103F-16F7-4668-BE54-9A1E7A4F7556}") = "teach", "week01\teach\teach.csproj", "{192EC136-C7A7-4F29-8914-4E7619E89468}"
EndProject
Project("{2150E333-8FDC-42A3-9474-1A3956D46DE8}") = "week06", "week06", "{6E1D2D38-E523-46EB-B5D3-AE754D083830}"
EndProject
Project("{9A19103F-16F7-4668-BE54-9A1E7A4F7556}") = "code", "week06\code\code.csproj", "{E81CA478-7BF3-4012-9AE5-FC9A17BA0BF4}"
EndProject
Project("{2150E333-8FDC-42A3-9474-1A3956D46DE8}") = "sandbox", "sandbox", "{7A792231-84D0-4431-B282-E7936F9A5E73}"
EndProject
Project("{9A19103F-16F7-4668-BE54-9A1E7A4F7556}") = "sandbox_project", "sandbox\sandbox_project\sandbox_project.csproj", "{144E6794-22E2-45E6-A4FF-9940221F225D}"
EndProject
Project("{2150E333-8FDC-42A3-9474-1A3956D46DE8}") = "week05", "week05", "{CBB89BB4-9881-443C-8593-DE7B6949DD86}"
EndProject
Project("{9A19103F-16F7-4668-BE54-9A1E7A4F7556}") = "code", "week05\code\code.csproj", "{E71244A3-1B37-41AA-AA5D-8E4497AAD8CD}"
EndProject
Project("{2150E333-8FDC-42A3-9474-1A3956D46DE8}") = "week02", "week02", "{6E186177-BCFD-445C-B4A8-4403DBA5C539}"
EndProject
Project("{9A19103F-16F7-4668-BE54-9A1E7A4F7556}") = "learn", "week02\learn\learn.csproj", "{56937140-2D0A-430C-92C3-D6E7E89C51C9}"
EndProject
Project("{9A19103F-16F7-4668-BE54-9A1E7A4F7556}") = "code", "week02\code\code.csproj", "{6F952791-4B48-40AD-A8F6-80DF6E45A887}"
EndProject
Project("{9A19103F-16F7-4668-BE54-9A1E7A4F7556}") = "analyze", "week02\analyze\analyze.csproj", "{04B71408-557D-4A8D-837C-670EEF26D71F}"
EndProject
Project("{9A19103F-16F7-4668-BE54-9A1E7A4F7556}") = "teach", "week02\teach\teach.csproj", "{1E3563C4-A2C1-42FF-ABC9-9F7DD1237524}"
EndProject
Project("{2150E333-8FDC-42A3-9474-1A3956D46DE8}") = "week03", "week03", "{C3232234-B9F4-464B-A2B0-6B2B7AEE5EE4}"
EndProject
Project("{9A19103F-16F7-4668-BE54-9A1E7A4F7556}") = "learn", "week03\learn\learn.csproj", "{038C5039-8F1F-4A6F-A317-4708159B7A72}"
EndProject
Project("{9A19103F-16F7-4668-BE54-9A1E7A4F7556}") = "code", "week03\code\code.csproj", "{721E3E7D-6067-48E4-AE7E-6DD0D62B935B}"
EndProject
Project("{9A19103F-16F7-4668-BE54-9A1E7A4F7556}") = "teach", "week03\teach\teach.csproj", "{870FA862-146F-40EE-9E63-0F57D0D3AA0A}"
EndProject
Project("{2150E333-8FDC-42A3-9474-1A3956D46DE8}") = "week04", "week04", "{754A1450-B378-4FB9-85FC-CC5BBB7BA0D9}"
EndProject
Project("{9A19103F-16F7-4668-BE54-9A1E7A4F7556}") = "code", "week04\code\code.csproj", "{218FBC7B-0B35-437C-B8A0-B61340C77AB1}"
EndProject
Global
	GlobalSection(SolutionConfigurationPlatforms) = preSolution
		Debug|Any CPU = Debug|Any CPU
		Release|Any CPU = Release|Any CPU
	EndGlobalSection
	GlobalSection(ProjectConfigurationPlatforms) = postSolution
		{3A863B23-C768-4D55-BD72-8711FCFC8A66}.Debug|Any CPU.ActiveCfg = Debug|Any CPU
		{3A863B23-C768-4D55-BD72-8711FCFC8A66}.Debug|Any CPU.Build.0 = Debug|Any CPU
		{3A863B23-C768-4D55-BD72-8711FCFC8A66}.Release|Any CPU.ActiveCfg = Release|Any CPU
		{3A863B23-C768-4D55-BD72-8711FCFC8A66}.Release|Any CPU.Build.0 = Release|Any CPU
		{21E005D9-7708-4F04-8A4A-629B622FFEFF}.Debug|Any CPU.ActiveCfg = Debug|Any CPU
		{21E005D9-7708-4F04-8A4A-629B622FFEFF}.Debug|Any CPU.Build.0 = Debug|Any CPU
		{21E005D9-7708-4F04-8A4A-629B622FFEFF}.Release|Any CPU.ActiveCfg = Release|Any CPU
		{21E005D9-7708-4F04-8A4A-629B622FFEFF}.Release|Any CPU.Build.0 = Release|Any CPU
		{192EC136-C7A7-4F29-8914-4E7619E89468}.Debug|Any CPU.ActiveCfg = Debug|Any CPU
		{192EC136-C7A7-4F29-8914-4E7619E89468}.Debug|Any CPU.Build.0 = Debug|Any CPU
		{192EC136-C7A7-4F29-8914-4E7619E89468}.Release|Any CPU.ActiveCfg = Release|Any CPU
		{192EC136-C7A7-4F29-8914-4E7619E89468}.Release|Any CPU.Build.0 = Release|Any CPU
		{E81CA478-7BF3-4012-9AE5-FC9A17BA0BF4}.Debug|Any CPU.ActiveCfg = Debug|Any CPU
		{E81CA478-7BF3-4012-9AE5-FC9A17BA0BF4}.Debug|Any CPU.Build.0 = Debug|Any CPU
		{E81CA478-7BF3-4012-9AE5-FC9A17BA0BF4}.Release|Any CPU.ActiveCfg = Release|Any CPU
		{E81CA478-7BF3-4012-9AE5-FC9A17BA0BF4}.Release|Any CPU.Build.0 = Release|Any CPU
		{144E6794-22E2-45E6-A4FF-9940221F225D}.Debug|Any CPU.ActiveCfg = Debug|Any CPU
		{144E6794-22E2-45E6-A4FF-9940221F225D}.Debug|Any CPU.Build.0 = Debug|Any CPU
		{144E6794-22E2-45E6-A4FF-9940221F225D}.Release|Any CPU.ActiveCfg = Release|Any CPU
		{144E6794-22E2-45E6-A4FF-9940221F225D}.Release|Any CPU.Build.0 = Release|Any CPU
		{E71244A3-1B37-41AA-AA5D-8E4497AAD8CD}.Debug|Any CPU.ActiveCfg = Debug|Any CPU
		{E71244A3-1B37-41AA-AA5D-8E4497AAD8CD}.Debug|Any CPU.Build.0 = Debug|Any CPU
		{E71244A3-1B37-41AA-AA5D-8E4497AAD8CD}.Release|Any CPU.ActiveCfg = Release|Any CPU
		{E71244A3-1B37-41AA-AA5D-8E4497AAD8CD}.Release|Any CPU.Build.0 = Release|Any CPU
		{56937140-2D0A-430C-92C3-D6E7E89C51C9}.Debug|Any CPU.ActiveCfg = Debug|Any CPU
		{56937140-2D0A-430C-92C3-D6E7E89C51C9}.Debug|Any CPU.Build.0 = Debug|Any CPU
		{56937140-2D0A-430C-92C3-D6E7E89C51C9}.Release|Any CPU.ActiveCfg = Release|Any CPU
		{56937140-2D0A-430C-92C3-D6E7E89C51C9}.Release|Any CPU.Build.0 = Release|Any CPU
		{6F952791-4B48-40AD-A8F6-80DF6E45A887}.Debug|Any CPU.ActiveCfg = Debug|Any CPU
		{6F952791-4B48-40AD-A8F6-80DF6E45A887}.Debug|Any CPU.Build.0 = Debug|Any CPU
		{6F952791-4B48-40AD-A8F6-80DF6E45A887}.Release|Any CPU.ActiveCfg = Release|Any CPU
		{6F952791-4B48-40AD-A8F6-80DF6E45A887}.Release|Any CPU.Build.0 = Release|Any CPU
		{04B71408-557D-4A8D-837C-670EEF26D71F}.Debug|Any CPU.ActiveCfg = Debug|Any CPU
		{04B71408-557D-4A8D-837C-670EEF26D71F}.Debug|Any CPU.Build.0 = Debug|Any CPU
		{04B71408-557D-4A8D-837C-670EEF26D71F}.Release|Any CPU.ActiveCfg = Release|Any CPU
		{04B71408-557D-4A8D-837C-670EEF26D71F}.Release|Any CPU.Build.0 = Release|Any CPU
		{1E3563C4-A2C1-42FF-ABC9-9F7DD1237524}.Debug|Any CPU.ActiveCfg = Debug|Any CPU
		{1E3563C4-A2C1-42FF-ABC9-9F7DD1237524}.Debug|Any CPU.Build.0 = Debug|Any CPU
		{1E3563C4-A2C1-42FF-ABC9-9F7DD1237524}.Release|Any CPU.ActiveCfg = Release|Any CPU
		{1E3563C4-A2C1-42FF-ABC9-9F7DD1237524}.Release|Any CPU.Build.0 = Release|Any CPU
		{038C5039-8F1F-4A6F-A317-4708159B7A72}.Debug|Any CPU.ActiveCfg = Debug|Any CPU
		{038C5039-8F1F-4A6F-A317-4708159B7A72}.Debug|Any CPU.Build.0 = Debug|Any CPU
		{038C5039-8F1F-4A6F-A317-4708159B7A72}.Release|Any CPU.ActiveCfg = Release|Any CPU
		{038C5039-8F1F-4A6F-A317-4708159B7A72}.Release|Any CPU.Build.0 = Release|Any CPU
		{721E3E7D-6067-48E4-AE7E-6DD0D62B935B}.Debug|Any CPU.ActiveCfg = Debug|Any CPU
		{721E3E7D-6067-48E4-AE7E-6DD0D62B935B}.Debug|Any CPU.Build.0 = Debug|Any CPU
		{721E3E7D-6067-48E4-AE7E-6DD0D62B935B}.Release|Any CPU.ActiveCfg = Release|Any CPU
		{721E3E7D-6067-48E4-AE7E-6DD0D62B935B}.Release|Any CPU.Build.0 = Release|Any CPU
		{870FA862-146F-40EE-9E63-0F57D0D3AA0A}.Debug|Any CPU.ActiveCfg = Debug|Any CPU
		{870FA862-146F-40EE-9E63-0F57D0D3AA0A}.Debug|Any CPU.Build.0 = Debug|Any CPU
		{870FA862-146F-40EE-9E63-0F57D0D3AA0A}.Release|Any CPU.ActiveCfg = Release|Any CPU
		{870FA862-146F-40EE-9E63-0F57D0D3AA0A}.Release|Any CPU.Build.0 = Release|Any CPU
		{218FBC7B-0B35-437C-B8A0-B61340C77AB1}.Debug|Any CPU.ActiveCfg = Debug|Any CPU
		{218FBC7B-0B35-437C-B8A0-B61340C77AB1}.Debug|Any CPU.Build.0 = Debug|Any CPU
		{218FBC7B-0B35-437C-B8A0-B61340C77AB1}.Release|Any CPU.ActiveCfg = Release|Any CPU
		{218FBC7B-0B35-437C-B8A0-B61340C77AB1}.Release|Any CPU.Build.0 = Release|Any CPU
	EndGlobalSection
	GlobalSection(SolutionProperties) = preSolution
		HideSolutionNode = FALSE
	EndGlobalSection
	GlobalSection(NestedProjects) = preSolution
		{3A863B23-C768-4D55-BD72-8711FCFC8A66} = {AC0B8D98-B42E-4A2C-8EEB-F5F3EC782D16}
		{21E005D9-7708-4F04-8A4A-629B622FFEFF} = {AC0B8D98-B42E-4A2C-8EEB-F5F3EC782D16}
		{192EC136-C7A7-4F29-8914-4E7619E89468} = {AC0B8D98-B42E-4A2C-8EEB-F5F3EC782D16}
		{E81CA478-7BF3-4012-9AE5-FC9A17BA0BF4} = {6E1D2D38-E523-46EB-B5D3-AE754D083830}
		{144E6794-22E2-45E6-A4FF-9940221F225D} = {7A792231-84D0-4431-B282-E7936F9A5E73}
		{E71244A3-1B37-41AA-AA5D-8E4497AAD8CD} = {CBB89BB4-9881-443C-8593-DE7B6949DD86}
		{56937140-2D0A-430C-92C3-D6E7E89C51C9} = {6E186177-BCFD-445C-B4A8-4403DBA5C539}
		{6F952791-4B48-40AD-A8F6-80DF6E45A887} = {6E186177-BCFD-445C-B4A8-4403DBA5C539}
		{04B71408-557D-4A8D-837C-670EEF26D71F} = {6E186177-BCFD-445C-B4A8-4403DBA5C539}
		{1E3563C4-A2C1-42FF-ABC9-9F7DD1237524} = {6E186177-BCFD-445C-B4A8-4403DBA5C539}
		{038C5039-8F1F-4A6F-A317-4708159B7A72} = {C3232234-B9F4-464B-A2B0-6B2B7AEE5EE4}
		{721E3E7D-6067-48E4-AE7E-6DD0D62B935B} = {C3232234-B9F4-464B-A2B0-6B2B7AEE5EE4}
		{870FA862-146F-40EE-9E63-0F57D0D3AA0A} = {C3232234-B9F4-464B-A2B0-6B2B7AEE5EE4}
		{218FBC7B-0B35-437C-B8A0-B61340C77AB1} = {754A1450-B378-4FB9-85FC-CC5BBB7BA0D9}
	EndGlobalSection
	GlobalSection(ExtensibilityGlobals) = postSolution
		SolutionGuid = {AF9E5367-E3C6-43F7-81CC-6FD6C00CF416}
	EndGlobalSection
EndGlobal
