
Microsoft Visual Studio Solution File, Format Version 12.00
# Visual Studio Version 17
VisualStudioVersion = 17.5.002.0
MinimumVisualStudioVersion = 10.0.40219.1
Project("{9A19103F-16F7-4668-BE54-9A1E7A4F7556}") = "learn", "learn\learn.csproj", "{4320E417-9B78-4F1E-9D05-55E702D8C5AF}"
EndProject
Project("{9A19103F-16F7-4668-BE54-9A1E7A4F7556}") = "code", "code\code.csproj", "{841E21D0-752C-43B7-871B-76A065ECA4B2}"
EndProject
Project("{9A19103F-16F7-4668-BE54-9A1E7A4F7556}") = "analyze", "analyze\analyze.csproj", "{B0F3AF6D-91F0-4AD6-8697-1317D9779495}"
EndProject
Project("{9A19103F-16F7-4668-BE54-9A1E7A4F7556}") = "teach", "teach\teach.csproj", "{8931DE0D-8E0A-403A-870B-0EA2DEE60A1D}"
EndProject
Global
	GlobalSection(SolutionConfigurationPlatforms) = preSolution
		Debug|Any CPU = Debug|Any CPU
		Release|Any CPU = Release|Any CPU
	EndGlobalSection
	GlobalSection(ProjectConfigurationPlatforms) = postSolution
		{4320E417-9B78-4F1E-9D05-55E702D8C5AF}.Debug|Any CPU.ActiveCfg = Debug|Any CPU
		{4320E417-9B78-4F1E-9D05-55E702D8C5AF}.Debug|Any CPU.Build.0 = Debug|Any CPU
		{4320E417-9B78-4F1E-9D05-55E702D8C5AF}.Release|Any CPU.ActiveCfg = Release|Any CPU
		{4320E417-9B78-4F1E-9D05-55E702D8C5AF}.Release|Any CPU.Build.0 = Release|Any CPU
		{841E21D0-752C-43B7-871B-76A065ECA4B2}.Debug|Any CPU.ActiveCfg = Debug|Any CPU
		{841E21D0-752C-43B7-871B-76A065ECA4B2}.Debug|Any CPU.Build.0 = Debug|Any CPU
		{841E21D0-752C-43B7-871B-76A065ECA4B2}.Release|Any CPU.ActiveCfg = Release|Any CPU
		{841E21D0-752C-43B7-871B-76A065ECA4B2}.Release|Any CPU.Build.0 = Release|Any CPU
		{B0F3AF6D-91F0-4AD6-8697-1317D9779495}.Debug|Any CPU.ActiveCfg = Debug|Any CPU
		{B0F3AF6D-91F0-4AD6-8697-1317D9779495}.Debug|Any CPU.Build.0 = Debug|Any CPU
		{B0F3AF6D-91F0-4AD6-8697-1317D9779495}.Release|Any CPU.ActiveCfg = Release|Any CPU
		{B0F3AF6D-91F0-4AD6-8697-1317D9779495}.Release|Any CPU.Build.0 = Release|Any CPU
		{8931DE0D-8E0A-403A-870B-0EA2DEE60A1D}.Debug|Any CPU.ActiveCfg = Debug|Any CPU
		{8931DE0D-8E0A-403A-870B-0EA2DEE60A1D}.Debug|Any CPU.Build.0 = Debug|Any CPU
		{8931DE0D-8E0A-403A-870B-0EA2DEE60A1D}.Release|Any CPU.ActiveCfg = Release|Any CPU
		{8931DE0D-8E0A-403A-870B-0EA2DEE60A1D}.Release|Any CPU.Build.0 = Release|Any CPU
	EndGlobalSection
	GlobalSection(SolutionProperties) = preSolution
		HideSolutionNode = FALSE
	EndGlobalSection
	GlobalSection(ExtensibilityGlobals) = postSolution
		SolutionGuid = {008B36E6-341A-4AA8-AF43-F239F63862F3}
	EndGlobalSection
EndGlobal
