
Microsoft Visual Studio Solution File, Format Version 12.00
# Visual Studio Version 17
VisualStudioVersion = 17.5.002.0
MinimumVisualStudioVersion = 10.0.40219.1
Project("{9A19103F-16F7-4668-BE54-9A1E7A4F7556}") = "code", "code\code.csproj", "{18AE2E55-F246-43D3-A064-B4E1CD03145F}"
EndProject
Global
	GlobalSection(SolutionConfigurationPlatforms) = preSolution
		Debug|Any CPU = Debug|Any CPU
		Release|Any CPU = Release|Any CPU
	EndGlobalSection
	GlobalSection(ProjectConfigurationPlatforms) = postSolution
		{18AE2E55-F246-43D3-A064-B4E1CD03145F}.Debug|Any CPU.ActiveCfg = Debug|Any CPU
		{18AE2E55-F246-43D3-A064-B4E1CD03145F}.Debug|Any CPU.Build.0 = Debug|Any CPU
		{18AE2E55-F246-43D3-A064-B4E1CD03145F}.Release|Any CPU.ActiveCfg = Release|Any CPU
		{18AE2E55-F246-43D3-A064-B4E1CD03145F}.Release|Any CPU.Build.0 = Release|Any CPU
	EndGlobalSection
	GlobalSection(SolutionProperties) = preSolution
		HideSolutionNode = FALSE
	EndGlobalSection
	GlobalSection(ExtensibilityGlobals) = postSolution
		SolutionGuid = {F3E9276A-5F77-4B32-9637-14E63AB79D5F}
	EndGlobalSection
EndGlobal
